// !$*UTF8*$!
{
	archiveVersion = 1;
	classes = {
	};
	objectVersion = 56;
	objects = {

/* Begin PBXBuildFile section */
		802E71562B4AF0E200B9EF54 /* AppDelegate.swift in Sources */ = {isa = PBXBuildFile; fileRef = 802E71552B4AF0E200B9EF54 /* AppDelegate.swift */; };
		802E71582B4AF0E200B9EF54 /* SceneDelegate.swift in Sources */ = {isa = PBXBuildFile; fileRef = 802E71572B4AF0E200B9EF54 /* SceneDelegate.swift */; };
		802E715A2B4AF0E200B9EF54 /* ReminderListViewController.swift in Sources */ = {isa = PBXBuildFile; fileRef = 802E71592B4AF0E200B9EF54 /* ReminderListViewController.swift */; };
		802E715D2B4AF0E200B9EF54 /* Main.storyboard in Resources */ = {isa = PBXBuildFile; fileRef = 802E715B2B4AF0E200B9EF54 /* Main.storyboard */; };
		802E715F2B4AF0E300B9EF54 /* Assets.xcassets in Resources */ = {isa = PBXBuildFile; fileRef = 802E715E2B4AF0E300B9EF54 /* Assets.xcassets */; };
		802E71622B4AF0E300B9EF54 /* LaunchScreen.storyboard in Resources */ = {isa = PBXBuildFile; fileRef = 802E71602B4AF0E300B9EF54 /* LaunchScreen.storyboard */; };
		802E716B2B4AF16500B9EF54 /* Reminder.swift in Sources */ = {isa = PBXBuildFile; fileRef = 802E716A2B4AF16500B9EF54 /* Reminder.swift */; };
		802E716E2B4B561600B9EF54 /* Date+Today.swift in Sources */ = {isa = PBXBuildFile; fileRef = 802E716D2B4B561600B9EF54 /* Date+Today.swift */; };
		802E71712B4B57CD00B9EF54 /* ReminderListViewontroller + DataSource.swift in Sources */ = {isa = PBXBuildFile; fileRef = 802E71702B4B57CD00B9EF54 /* ReminderListViewontroller + DataSource.swift */; };
		802E71742B4BDC7100B9EF54 /* ReminderDoneButton.swift in Sources */ = {isa = PBXBuildFile; fileRef = 802E71732B4BDC7100B9EF54 /* ReminderDoneButton.swift */; };
		802E71762B4BDD0300B9EF54 /* ReminderListViewController+Actions.swift in Sources */ = {isa = PBXBuildFile; fileRef = 802E71752B4BDD0300B9EF54 /* ReminderListViewController+Actions.swift */; };
		802E71792B4BFBF100B9EF54 /* ReminderViewController.swift in Sources */ = {isa = PBXBuildFile; fileRef = 802E71782B4BFBF100B9EF54 /* ReminderViewController.swift */; };
		802E717B2B4BFCA300B9EF54 /* ReminderViewController+Row.swift in Sources */ = {isa = PBXBuildFile; fileRef = 802E717A2B4BFCA300B9EF54 /* ReminderViewController+Row.swift */; };
		802E717D2B4C02CA00B9EF54 /* ReminderViewController+Section.swift in Sources */ = {isa = PBXBuildFile; fileRef = 802E717C2B4C02CA00B9EF54 /* ReminderViewController+Section.swift */; };
		802E717F2B4C098A00B9EF54 /* ReminderViewController+CellConfiguration.swift in Sources */ = {isa = PBXBuildFile; fileRef = 802E717E2B4C098A00B9EF54 /* ReminderViewController+CellConfiguration.swift */; };
		802E71822B4C0AFF00B9EF54 /* UIView+PinnedSubviews.swift in Sources */ = {isa = PBXBuildFile; fileRef = 802E71812B4C0AFF00B9EF54 /* UIView+PinnedSubviews.swift */; };
		802E71842B4C0BE100B9EF54 /* TextFieldContentView.swift in Sources */ = {isa = PBXBuildFile; fileRef = 802E71832B4C0BE100B9EF54 /* TextFieldContentView.swift */; };
		802E71862B4C0C7700B9EF54 /* UIContentConfiguratio+Stateless.swift in Sources */ = {isa = PBXBuildFile; fileRef = 802E71852B4C0C7700B9EF54 /* UIContentConfiguratio+Stateless.swift */; };
		802E71882B4C1ABD00B9EF54 /* TextViewContentView.swift in Sources */ = {isa = PBXBuildFile; fileRef = 802E71872B4C1ABD00B9EF54 /* TextViewContentView.swift */; };
		802E718A2B4C1B6900B9EF54 /* DatePickerContentView.swift in Sources */ = {isa = PBXBuildFile; fileRef = 802E71892B4C1B6900B9EF54 /* DatePickerContentView.swift */; };
		802E718C2B4C29D700B9EF54 /* ReminderListStyle.swift in Sources */ = {isa = PBXBuildFile; fileRef = 802E718B2B4C29D700B9EF54 /* ReminderListStyle.swift */; };
		802E718E2B4C355400B9EF54 /* ProgressHeaderView.swift in Sources */ = {isa = PBXBuildFile; fileRef = 802E718D2B4C355400B9EF54 /* ProgressHeaderView.swift */; };
		802E71902B4C49F000B9EF54 /* CAGradientLayer+ListStyle.swift in Sources */ = {isa = PBXBuildFile; fileRef = 802E718F2B4C49F000B9EF54 /* CAGradientLayer+ListStyle.swift */; };
		802E71922B4D54B300B9EF54 /* TodayError.swift in Sources */ = {isa = PBXBuildFile; fileRef = 802E71912B4D54B300B9EF54 /* TodayError.swift */; };
		802E71942B4D553A00B9EF54 /* EKEventStore+AsyncFetch.swift in Sources */ = {isa = PBXBuildFile; fileRef = 802E71932B4D553A00B9EF54 /* EKEventStore+AsyncFetch.swift */; };
		802E71962B4D573C00B9EF54 /* ReminderStore.swift in Sources */ = {isa = PBXBuildFile; fileRef = 802E71952B4D573C00B9EF54 /* ReminderStore.swift */; };
		802E71982B4D891D00B9EF54 /* EKReminder+Reminder.swift in Sources */ = {isa = PBXBuildFile; fileRef = 802E71972B4D891D00B9EF54 /* EKReminder+Reminder.swift */; };
/* End PBXBuildFile section */

/* Begin PBXFileReference section */
		802E71522B4AF0E200B9EF54 /* Today.app */ = {isa = PBXFileReference; explicitFileType = wrapper.application; includeInIndex = 0; path = Today.app; sourceTree = BUILT_PRODUCTS_DIR; };
		802E71552B4AF0E200B9EF54 /* AppDelegate.swift */ = {isa = PBXFileReference; lastKnownFileType = sourcecode.swift; path = AppDelegate.swift; sourceTree = "<group>"; };
		802E71572B4AF0E200B9EF54 /* SceneDelegate.swift */ = {isa = PBXFileReference; lastKnownFileType = sourcecode.swift; path = SceneDelegate.swift; sourceTree = "<group>"; };
		802E71592B4AF0E200B9EF54 /* ReminderListViewController.swift */ = {isa = PBXFileReference; lastKnownFileType = sourcecode.swift; path = ReminderListViewController.swift; sourceTree = "<group>"; };
		802E715C2B4AF0E200B9EF54 /* Base */ = {isa = PBXFileReference; lastKnownFileType = file.storyboard; name = Base; path = Base.lproj/Main.storyboard; sourceTree = "<group>"; };
		802E715E2B4AF0E300B9EF54 /* Assets.xcassets */ = {isa = PBXFileReference; lastKnownFileType = folder.assetcatalog; path = Assets.xcassets; sourceTree = "<group>"; };
		802E71612B4AF0E300B9EF54 /* Base */ = {isa = PBXFileReference; lastKnownFileType = file.storyboard; name = Base; path = Base.lproj/LaunchScreen.storyboard; sourceTree = "<group>"; };
		802E71632B4AF0E300B9EF54 /* Info.plist */ = {isa = PBXFileReference; lastKnownFileType = text.plist.xml; path = Info.plist; sourceTree = "<group>"; };
		802E716A2B4AF16500B9EF54 /* Reminder.swift */ = {isa = PBXFileReference; lastKnownFileType = sourcecode.swift; path = Reminder.swift; sourceTree = "<group>"; };
		802E716D2B4B561600B9EF54 /* Date+Today.swift */ = {isa = PBXFileReference; lastKnownFileType = sourcecode.swift; path = "Date+Today.swift"; sourceTree = "<group>"; };
		802E71702B4B57CD00B9EF54 /* ReminderListViewontroller + DataSource.swift */ = {isa = PBXFileReference; lastKnownFileType = sourcecode.swift; path = "ReminderListViewontroller + DataSource.swift"; sourceTree = "<group>"; };
		802E71732B4BDC7100B9EF54 /* ReminderDoneButton.swift */ = {isa = PBXFileReference; lastKnownFileType = sourcecode.swift; path = ReminderDoneButton.swift; sourceTree = "<group>"; };
		802E71752B4BDD0300B9EF54 /* ReminderListViewController+Actions.swift */ = {isa = PBXFileReference; lastKnownFileType = sourcecode.swift; path = "ReminderListViewController+Actions.swift"; sourceTree = "<group>"; };
		802E71782B4BFBF100B9EF54 /* ReminderViewController.swift */ = {isa = PBXFileReference; lastKnownFileType = sourcecode.swift; path = ReminderViewController.swift; sourceTree = "<group>"; };
		802E717A2B4BFCA300B9EF54 /* ReminderViewController+Row.swift */ = {isa = PBXFileReference; lastKnownFileType = sourcecode.swift; path = "ReminderViewController+Row.swift"; sourceTree = "<group>"; };
		802E717C2B4C02CA00B9EF54 /* ReminderViewController+Section.swift */ = {isa = PBXFileReference; lastKnownFileType = sourcecode.swift; path = "ReminderViewController+Section.swift"; sourceTree = "<group>"; };
		802E717E2B4C098A00B9EF54 /* ReminderViewController+CellConfiguration.swift */ = {isa = PBXFileReference; lastKnownFileType = sourcecode.swift; path = "ReminderViewController+CellConfiguration.swift"; sourceTree = "<group>"; };
		802E71812B4C0AFF00B9EF54 /* UIView+PinnedSubviews.swift */ = {isa = PBXFileReference; lastKnownFileType = sourcecode.swift; path = "UIView+PinnedSubviews.swift"; sourceTree = "<group>"; };
		802E71832B4C0BE100B9EF54 /* TextFieldContentView.swift */ = {isa = PBXFileReference; lastKnownFileType = sourcecode.swift; path = TextFieldContentView.swift; sourceTree = "<group>"; };
		802E71852B4C0C7700B9EF54 /* UIContentConfiguratio+Stateless.swift */ = {isa = PBXFileReference; lastKnownFileType = sourcecode.swift; path = "UIContentConfiguratio+Stateless.swift"; sourceTree = "<group>"; };
		802E71872B4C1ABD00B9EF54 /* TextViewContentView.swift */ = {isa = PBXFileReference; lastKnownFileType = sourcecode.swift; path = TextViewContentView.swift; sourceTree = "<group>"; };
		802E71892B4C1B6900B9EF54 /* DatePickerContentView.swift */ = {isa = PBXFileReference; lastKnownFileType = sourcecode.swift; path = DatePickerContentView.swift; sourceTree = "<group>"; };
		802E718B2B4C29D700B9EF54 /* ReminderListStyle.swift */ = {isa = PBXFileReference; lastKnownFileType = sourcecode.swift; path = ReminderListStyle.swift; sourceTree = "<group>"; };
		802E718D2B4C355400B9EF54 /* ProgressHeaderView.swift */ = {isa = PBXFileReference; lastKnownFileType = sourcecode.swift; path = ProgressHeaderView.swift; sourceTree = "<group>"; };
		802E718F2B4C49F000B9EF54 /* CAGradientLayer+ListStyle.swift */ = {isa = PBXFileReference; lastKnownFileType = sourcecode.swift; path = "CAGradientLayer+ListStyle.swift"; sourceTree = "<group>"; };
		802E71912B4D54B300B9EF54 /* TodayError.swift */ = {isa = PBXFileReference; lastKnownFileType = sourcecode.swift; path = TodayError.swift; sourceTree = "<group>"; };
		802E71932B4D553A00B9EF54 /* EKEventStore+AsyncFetch.swift */ = {isa = PBXFileReference; lastKnownFileType = sourcecode.swift; path = "EKEventStore+AsyncFetch.swift"; sourceTree = "<group>"; };
		802E71952B4D573C00B9EF54 /* ReminderStore.swift */ = {isa = PBXFileReference; lastKnownFileType = sourcecode.swift; path = ReminderStore.swift; sourceTree = "<group>"; };
		802E71972B4D891D00B9EF54 /* EKReminder+Reminder.swift */ = {isa = PBXFileReference; lastKnownFileType = sourcecode.swift; path = "EKReminder+Reminder.swift"; sourceTree = "<group>"; };
/* End PBXFileReference section */

/* Begin PBXFrameworksBuildPhase section */
		802E714F2B4AF0E200B9EF54 /* Frameworks */ = {
			isa = PBXFrameworksBuildPhase;
			buildActionMask = 2147483647;
			files = (
			);
			runOnlyForDeploymentPostprocessing = 0;
		};
/* End PBXFrameworksBuildPhase section */

/* Begin PBXGroup section */
		802E71492B4AF0E200B9EF54 = {
			isa = PBXGroup;
			children = (
				802E71542B4AF0E200B9EF54 /* Today */,
				802E71532B4AF0E200B9EF54 /* Products */,
			);
			sourceTree = "<group>";
		};
		802E71532B4AF0E200B9EF54 /* Products */ = {
			isa = PBXGroup;
			children = (
				802E71522B4AF0E200B9EF54 /* Today.app */,
			);
			name = Products;
			sourceTree = "<group>";
		};
		802E71542B4AF0E200B9EF54 /* Today */ = {
			isa = PBXGroup;
			children = (
				802E71802B4C0AC800B9EF54 /* ContentViews */,
				802E71772B4BFBE900B9EF54 /* ReminderViewController */,
				802E71722B4BDC5D00B9EF54 /* ReminderDoneButton */,
				802E716F2B4B579300B9EF54 /* ListViewController */,
				802E716C2B4B560F00B9EF54 /* Extensions */,
				802E71692B4AF15E00B9EF54 /* Models */,
				802E71552B4AF0E200B9EF54 /* AppDelegate.swift */,
				802E71572B4AF0E200B9EF54 /* SceneDelegate.swift */,
				802E715B2B4AF0E200B9EF54 /* Main.storyboard */,
				802E715E2B4AF0E300B9EF54 /* Assets.xcassets */,
				802E71602B4AF0E300B9EF54 /* LaunchScreen.storyboard */,
				802E71632B4AF0E300B9EF54 /* Info.plist */,
				802E718D2B4C355400B9EF54 /* ProgressHeaderView.swift */,
			);
			path = Today;
			sourceTree = "<group>";
		};
		802E71692B4AF15E00B9EF54 /* Models */ = {
			isa = PBXGroup;
			children = (
				802E716A2B4AF16500B9EF54 /* Reminder.swift */,
				802E718B2B4C29D700B9EF54 /* ReminderListStyle.swift */,
				802E71912B4D54B300B9EF54 /* TodayError.swift */,
				802E71952B4D573C00B9EF54 /* ReminderStore.swift */,
			);
			path = Models;
			sourceTree = "<group>";
		};
		802E716C2B4B560F00B9EF54 /* Extensions */ = {
			isa = PBXGroup;
			children = (
				802E716D2B4B561600B9EF54 /* Date+Today.swift */,
				802E71812B4C0AFF00B9EF54 /* UIView+PinnedSubviews.swift */,
				802E71852B4C0C7700B9EF54 /* UIContentConfiguratio+Stateless.swift */,
				802E718F2B4C49F000B9EF54 /* CAGradientLayer+ListStyle.swift */,
				802E71932B4D553A00B9EF54 /* EKEventStore+AsyncFetch.swift */,
				802E71972B4D891D00B9EF54 /* EKReminder+Reminder.swift */,
			);
			path = Extensions;
			sourceTree = "<group>";
		};
		802E716F2B4B579300B9EF54 /* ListViewController */ = {
			isa = PBXGroup;
			children = (
				802E71592B4AF0E200B9EF54 /* ReminderListViewController.swift */,
				802E71702B4B57CD00B9EF54 /* ReminderListViewontroller + DataSource.swift */,
				802E71752B4BDD0300B9EF54 /* ReminderListViewController+Actions.swift */,
			);
			path = ListViewController;
			sourceTree = "<group>";
		};
		802E71722B4BDC5D00B9EF54 /* ReminderDoneButton */ = {
			isa = PBXGroup;
			children = (
				802E71732B4BDC7100B9EF54 /* ReminderDoneButton.swift */,
			);
			path = ReminderDoneButton;
			sourceTree = "<group>";
		};
		802E71772B4BFBE900B9EF54 /* ReminderViewController */ = {
			isa = PBXGroup;
			children = (
				802E71782B4BFBF100B9EF54 /* ReminderViewController.swift */,
				802E717A2B4BFCA300B9EF54 /* ReminderViewController+Row.swift */,
				802E717C2B4C02CA00B9EF54 /* ReminderViewController+Section.swift */,
				802E717E2B4C098A00B9EF54 /* ReminderViewController+CellConfiguration.swift */,
			);
			path = ReminderViewController;
			sourceTree = "<group>";
		};
		802E71802B4C0AC800B9EF54 /* ContentViews */ = {
			isa = PBXGroup;
			children = (
				802E71832B4C0BE100B9EF54 /* TextFieldContentView.swift */,
				802E71872B4C1ABD00B9EF54 /* TextViewContentView.swift */,
				802E71892B4C1B6900B9EF54 /* DatePickerContentView.swift */,
			);
			path = ContentViews;
			sourceTree = "<group>";
		};
/* End PBXGroup section */

/* Begin PBXNativeTarget section */
		802E71512B4AF0E200B9EF54 /* Today */ = {
			isa = PBXNativeTarget;
			buildConfigurationList = 802E71662B4AF0E300B9EF54 /* Build configuration list for PBXNativeTarget "Today" */;
			buildPhases = (
				802E714E2B4AF0E200B9EF54 /* Sources */,
				802E714F2B4AF0E200B9EF54 /* Frameworks */,
				802E71502B4AF0E200B9EF54 /* Resources */,
			);
			buildRules = (
			);
			dependencies = (
			);
			name = Today;
			productName = Today;
			productReference = 802E71522B4AF0E200B9EF54 /* Today.app */;
			productType = "com.apple.product-type.application";
		};
/* End PBXNativeTarget section */

/* Begin PBXProject section */
		802E714A2B4AF0E200B9EF54 /* Project object */ = {
			isa = PBXProject;
			attributes = {
				BuildIndependentTargetsInParallel = 1;
				LastSwiftUpdateCheck = 1500;
				LastUpgradeCheck = 1500;
				TargetAttributes = {
					802E71512B4AF0E200B9EF54 = {
						CreatedOnToolsVersion = 15.0;
					};
				};
			};
			buildConfigurationList = 802E714D2B4AF0E200B9EF54 /* Build configuration list for PBXProject "Today" */;
			compatibilityVersion = "Xcode 14.0";
			developmentRegion = en;
			hasScannedForEncodings = 0;
			knownRegions = (
				en,
				Base,
			);
			mainGroup = 802E71492B4AF0E200B9EF54;
			productRefGroup = 802E71532B4AF0E200B9EF54 /* Products */;
			projectDirPath = "";
			projectRoot = "";
			targets = (
				802E71512B4AF0E200B9EF54 /* Today */,
			);
		};
/* End PBXProject section */

/* Begin PBXResourcesBuildPhase section */
		802E71502B4AF0E200B9EF54 /* Resources */ = {
			isa = PBXResourcesBuildPhase;
			buildActionMask = 2147483647;
			files = (
				802E71622B4AF0E300B9EF54 /* LaunchScreen.storyboard in Resources */,
				802E715F2B4AF0E300B9EF54 /* Assets.xcassets in Resources */,
				802E715D2B4AF0E200B9EF54 /* Main.storyboard in Resources */,
			);
			runOnlyForDeploymentPostprocessing = 0;
		};
/* End PBXResourcesBuildPhase section */

/* Begin PBXSourcesBuildPhase section */
		802E714E2B4AF0E200B9EF54 /* Sources */ = {
			isa = PBXSourcesBuildPhase;
			buildActionMask = 2147483647;
			files = (
				802E71762B4BDD0300B9EF54 /* ReminderListViewController+Actions.swift in Sources */,
				802E718A2B4C1B6900B9EF54 /* DatePickerContentView.swift in Sources */,
				802E71962B4D573C00B9EF54 /* ReminderStore.swift in Sources */,
				802E71982B4D891D00B9EF54 /* EKReminder+Reminder.swift in Sources */,
				802E715A2B4AF0E200B9EF54 /* ReminderListViewController.swift in Sources */,
				802E71712B4B57CD00B9EF54 /* ReminderListViewontroller + DataSource.swift in Sources */,
				802E716E2B4B561600B9EF54 /* Date+Today.swift in Sources */,
				802E718E2B4C355400B9EF54 /* ProgressHeaderView.swift in Sources */,
				802E71822B4C0AFF00B9EF54 /* UIView+PinnedSubviews.swift in Sources */,
				802E717D2B4C02CA00B9EF54 /* ReminderViewController+Section.swift in Sources */,
				802E71862B4C0C7700B9EF54 /* UIContentConfiguratio+Stateless.swift in Sources */,
				802E71922B4D54B300B9EF54 /* TodayError.swift in Sources */,
				802E71562B4AF0E200B9EF54 /* AppDelegate.swift in Sources */,
				802E718C2B4C29D700B9EF54 /* ReminderListStyle.swift in Sources */,
				802E71792B4BFBF100B9EF54 /* ReminderViewController.swift in Sources */,
				802E717B2B4BFCA300B9EF54 /* ReminderViewController+Row.swift in Sources */,
				802E71902B4C49F000B9EF54 /* CAGradientLayer+ListStyle.swift in Sources */,
				802E71882B4C1ABD00B9EF54 /* TextViewContentView.swift in Sources */,
				802E71942B4D553A00B9EF54 /* EKEventStore+AsyncFetch.swift in Sources */,
				802E71582B4AF0E200B9EF54 /* SceneDelegate.swift in Sources */,
				802E717F2B4C098A00B9EF54 /* ReminderViewController+CellConfiguration.swift in Sources */,
				802E71742B4BDC7100B9EF54 /* ReminderDoneButton.swift in Sources */,
				802E71842B4C0BE100B9EF54 /* TextFieldContentView.swift in Sources */,
				802E716B2B4AF16500B9EF54 /* Reminder.swift in Sources */,
			);
			runOnlyForDeploymentPostprocessing = 0;
		};
/* End PBXSourcesBuildPhase section */

/* Begin PBXVariantGroup section */
		802E715B2B4AF0E200B9EF54 /* Main.storyboard */ = {
			isa = PBXVariantGroup;
			children = (
				802E715C2B4AF0E200B9EF54 /* Base */,
			);
			name = Main.storyboard;
			sourceTree = "<group>";
		};
		802E71602B4AF0E300B9EF54 /* LaunchScreen.storyboard */ = {
			isa = PBXVariantGroup;
			children = (
				802E71612B4AF0E300B9EF54 /* Base */,
			);
			name = LaunchScreen.storyboard;
			sourceTree = "<group>";
		};
/* End PBXVariantGroup section */

/* Begin XCBuildConfiguration section */
		802E71642B4AF0E300B9EF54 /* Debug */ = {
			isa = XCBuildConfiguration;
			buildSettings = {
				ALWAYS_SEARCH_USER_PATHS = NO;
				ASSETCATALOG_COMPILER_GENERATE_SWIFT_ASSET_SYMBOL_EXTENSIONS = YES;
				CLANG_ANALYZER_NONNULL = YES;
				CLANG_ANALYZER_NUMBER_OBJECT_CONVERSION = YES_AGGRESSIVE;
				CLANG_CXX_LANGUAGE_STANDARD = "gnu++20";
				CLANG_ENABLE_MODULES = YES;
				CLANG_ENABLE_OBJC_ARC = YES;
				CLANG_ENABLE_OBJC_WEAK = YES;
				CLANG_WARN_BLOCK_CAPTURE_AUTORELEASING = YES;
				CLANG_WARN_BOOL_CONVERSION = YES;
				CLANG_WARN_COMMA = YES;
				CLANG_WARN_CONSTANT_CONVERSION = YES;
				CLANG_WARN_DEPRECATED_OBJC_IMPLEMENTATIONS = YES;
				CLANG_WARN_DIRECT_OBJC_ISA_USAGE = YES_ERROR;
				CLANG_WARN_DOCUMENTATION_COMMENTS = YES;
				CLANG_WARN_EMPTY_BODY = YES;
				CLANG_WARN_ENUM_CONVERSION = YES;
				CLANG_WARN_INFINITE_RECURSION = YES;
				CLANG_WARN_INT_CONVERSION = YES;
				CLANG_WARN_NON_LITERAL_NULL_CONVERSION = YES;
				CLANG_WARN_OBJC_IMPLICIT_RETAIN_SELF = YES;
				CLANG_WARN_OBJC_LITERAL_CONVERSION = YES;
				CLANG_WARN_OBJC_ROOT_CLASS = YES_ERROR;
				CLANG_WARN_QUOTED_INCLUDE_IN_FRAMEWORK_HEADER = YES;
				CLANG_WARN_RANGE_LOOP_ANALYSIS = YES;
				CLANG_WARN_STRICT_PROTOTYPES = YES;
				CLANG_WARN_SUSPICIOUS_MOVE = YES;
				CLANG_WARN_UNGUARDED_AVAILABILITY = YES_AGGRESSIVE;
				CLANG_WARN_UNREACHABLE_CODE = YES;
				CLANG_WARN__DUPLICATE_METHOD_MATCH = YES;
				COPY_PHASE_STRIP = NO;
				DEBUG_INFORMATION_FORMAT = dwarf;
				ENABLE_STRICT_OBJC_MSGSEND = YES;
				ENABLE_TESTABILITY = YES;
				ENABLE_USER_SCRIPT_SANDBOXING = YES;
				GCC_C_LANGUAGE_STANDARD = gnu17;
				GCC_DYNAMIC_NO_PIC = NO;
				GCC_NO_COMMON_BLOCKS = YES;
				GCC_OPTIMIZATION_LEVEL = 0;
				GCC_PREPROCESSOR_DEFINITIONS = (
					"DEBUG=1",
					"$(inherited)",
				);
				GCC_WARN_64_TO_32_BIT_CONVERSION = YES;
				GCC_WARN_ABOUT_RETURN_TYPE = YES_ERROR;
				GCC_WARN_UNDECLARED_SELECTOR = YES;
				GCC_WARN_UNINITIALIZED_AUTOS = YES_AGGRESSIVE;
				GCC_WARN_UNUSED_FUNCTION = YES;
				GCC_WARN_UNUSED_VARIABLE = YES;
				IPHONEOS_DEPLOYMENT_TARGET = 17.0;
				LOCALIZATION_PREFERS_STRING_CATALOGS = YES;
				MTL_ENABLE_DEBUG_INFO = INCLUDE_SOURCE;
				MTL_FAST_MATH = YES;
				ONLY_ACTIVE_ARCH = YES;
				SDKROOT = iphoneos;
				SWIFT_ACTIVE_COMPILATION_CONDITIONS = "DEBUG $(inherited)";
				SWIFT_OPTIMIZATION_LEVEL = "-Onone";
			};
			name = Debug;
		};
		802E71652B4AF0E300B9EF54 /* Release */ = {
			isa = XCBuildConfiguration;
			buildSettings = {
				ALWAYS_SEARCH_USER_PATHS = NO;
				ASSETCATALOG_COMPILER_GENERATE_SWIFT_ASSET_SYMBOL_EXTENSIONS = YES;
				CLANG_ANALYZER_NONNULL = YES;
				CLANG_ANALYZER_NUMBER_OBJECT_CONVERSION = YES_AGGRESSIVE;
				CLANG_CXX_LANGUAGE_STANDARD = "gnu++20";
				CLANG_ENABLE_MODULES = YES;
				CLANG_ENABLE_OBJC_ARC = YES;
				CLANG_ENABLE_OBJC_WEAK = YES;
				CLANG_WARN_BLOCK_CAPTURE_AUTORELEASING = YES;
				CLANG_WARN_BOOL_CONVERSION = YES;
				CLANG_WARN_COMMA = YES;
				CLANG_WARN_CONSTANT_CONVERSION = YES;
				CLANG_WARN_DEPRECATED_OBJC_IMPLEMENTATIONS = YES;
				CLANG_WARN_DIRECT_OBJC_ISA_USAGE = YES_ERROR;
				CLANG_WARN_DOCUMENTATION_COMMENTS = YES;
				CLANG_WARN_EMPTY_BODY = YES;
				CLANG_WARN_ENUM_CONVERSION = YES;
				CLANG_WARN_INFINITE_RECURSION = YES;
				CLANG_WARN_INT_CONVERSION = YES;
				CLANG_WARN_NON_LITERAL_NULL_CONVERSION = YES;
				CLANG_WARN_OBJC_IMPLICIT_RETAIN_SELF = YES;
				CLANG_WARN_OBJC_LITERAL_CONVERSION = YES;
				CLANG_WARN_OBJC_ROOT_CLASS = YES_ERROR;
				CLANG_WARN_QUOTED_INCLUDE_IN_FRAMEWORK_HEADER = YES;
				CLANG_WARN_RANGE_LOOP_ANALYSIS = YES;
				CLANG_WARN_STRICT_PROTOTYPES = YES;
				CLANG_WARN_SUSPICIOUS_MOVE = YES;
				CLANG_WARN_UNGUARDED_AVAILABILITY = YES_AGGRESSIVE;
				CLANG_WARN_UNREACHABLE_CODE = YES;
				CLANG_WARN__DUPLICATE_METHOD_MATCH = YES;
				COPY_PHASE_STRIP = NO;
				DEBUG_INFORMATION_FORMAT = "dwarf-with-dsym";
				ENABLE_NS_ASSERTIONS = NO;
				ENABLE_STRICT_OBJC_MSGSEND = YES;
				ENABLE_USER_SCRIPT_SANDBOXING = YES;
				GCC_C_LANGUAGE_STANDARD = gnu17;
				GCC_NO_COMMON_BLOCKS = YES;
				GCC_WARN_64_TO_32_BIT_CONVERSION = YES;
				GCC_WARN_ABOUT_RETURN_TYPE = YES_ERROR;
				GCC_WARN_UNDECLARED_SELECTOR = YES;
				GCC_WARN_UNINITIALIZED_AUTOS = YES_AGGRESSIVE;
				GCC_WARN_UNUSED_FUNCTION = YES;
				GCC_WARN_UNUSED_VARIABLE = YES;
				IPHONEOS_DEPLOYMENT_TARGET = 17.0;
				LOCALIZATION_PREFERS_STRING_CATALOGS = YES;
				MTL_ENABLE_DEBUG_INFO = NO;
				MTL_FAST_MATH = YES;
				SDKROOT = iphoneos;
				SWIFT_COMPILATION_MODE = wholemodule;
				VALIDATE_PRODUCT = YES;
			};
			name = Release;
		};
		802E71672B4AF0E300B9EF54 /* Debug */ = {
			isa = XCBuildConfiguration;
			buildSettings = {
				ASSETCATALOG_COMPILER_APPICON_NAME = AppIcon;
				ASSETCATALOG_COMPILER_GLOBAL_ACCENT_COLOR_NAME = AccentColor;
				CODE_SIGN_STYLE = Automatic;
				CURRENT_PROJECT_VERSION = 1;
				DEVELOPMENT_TEAM = 936XSD7LYL;
				GENERATE_INFOPLIST_FILE = YES;
				INFOPLIST_FILE = Today/Info.plist;
				INFOPLIST_KEY_UIApplicationSupportsIndirectInputEvents = YES;
				INFOPLIST_KEY_UILaunchStoryboardName = LaunchScreen;
				INFOPLIST_KEY_UIMainStoryboardFile = Main;
				INFOPLIST_KEY_UISupportedInterfaceOrientations_iPad = "UIInterfaceOrientationPortrait UIInterfaceOrientationPortraitUpsideDown UIInterfaceOrientationLandscapeLeft UIInterfaceOrientationLandscapeRight";
				INFOPLIST_KEY_UISupportedInterfaceOrientations_iPhone = "UIInterfaceOrientationPortrait UIInterfaceOrientationLandscapeLeft UIInterfaceOrientationLandscapeRight";
				LD_RUNPATH_SEARCH_PATHS = (
					"$(inherited)",
					"@executable_path/Frameworks",
				);
				MARKETING_VERSION = 1.0;
				PRODUCT_BUNDLE_IDENTIFIER = com.ibrahimmbyrrm.Today;
				PRODUCT_NAME = "$(TARGET_NAME)";
				SWIFT_EMIT_LOC_STRINGS = YES;
				SWIFT_VERSION = 5.0;
				TARGETED_DEVICE_FAMILY = "1,2";
			};
			name = Debug;
		};
		802E71682B4AF0E300B9EF54 /* Release */ = {
			isa = XCBuildConfiguration;
			buildSettings = {
				ASSETCATALOG_COMPILER_APPICON_NAME = AppIcon;
				ASSETCATALOG_COMPILER_GLOBAL_ACCENT_COLOR_NAME = AccentColor;
				CODE_SIGN_STYLE = Automatic;
				CURRENT_PROJECT_VERSION = 1;
				DEVELOPMENT_TEAM = 936XSD7LYL;
				GENERATE_INFOPLIST_FILE = YES;
				INFOPLIST_FILE = Today/Info.plist;
				INFOPLIST_KEY_UIApplicationSupportsIndirectInputEvents = YES;
				INFOPLIST_KEY_UILaunchStoryboardName = LaunchScreen;
				INFOPLIST_KEY_UIMainStoryboardFile = Main;
				INFOPLIST_KEY_UISupportedInterfaceOrientations_iPad = "UIInterfaceOrientationPortrait UIInterfaceOrientationPortraitUpsideDown UIInterfaceOrientationLandscapeLeft UIInterfaceOrientationLandscapeRight";
				INFOPLIST_KEY_UISupportedInterfaceOrientations_iPhone = "UIInterfaceOrientationPortrait UIInterfaceOrientationLandscapeLeft UIInterfaceOrientationLandscapeRight";
				LD_RUNPATH_SEARCH_PATHS = (
					"$(inherited)",
					"@executable_path/Frameworks",
				);
				MARKETING_VERSION = 1.0;
				PRODUCT_BUNDLE_IDENTIFIER = com.ibrahimmbyrrm.Today;
				PRODUCT_NAME = "$(TARGET_NAME)";
				SWIFT_EMIT_LOC_STRINGS = YES;
				SWIFT_VERSION = 5.0;
				TARGETED_DEVICE_FAMILY = "1,2";
			};
			name = Release;
		};
/* End XCBuildConfiguration section */

/* Begin XCConfigurationList section */
		802E714D2B4AF0E200B9EF54 /* Build configuration list for PBXProject "Today" */ = {
			isa = XCConfigurationList;
			buildConfigurations = (
				802E71642B4AF0E300B9EF54 /* Debug */,
				802E71652B4AF0E300B9EF54 /* Release */,
			);
			defaultConfigurationIsVisible = 0;
			defaultConfigurationName = Release;
		};
		802E71662B4AF0E300B9EF54 /* Build configuration list for PBXNativeTarget "Today" */ = {
			isa = XCConfigurationList;
			buildConfigurations = (
				802E71672B4AF0E300B9EF54 /* Debug */,
				802E71682B4AF0E300B9EF54 /* Release */,
			);
			defaultConfigurationIsVisible = 0;
			defaultConfigurationName = Release;
		};
/* End XCConfigurationList section */
	};
	rootObject = 802E714A2B4AF0E200B9EF54 /* Project object */;
}
